
Microsoft Visual Studio Solution File, Format Version 12.00
# Visual Studio Version 16
VisualStudioVersion = 16.0.30503.244
MinimumVisualStudioVersion = 10.0.40219.1
Project("{FAE04EC0-301F-11D3-BF4B-00C04F79EFBC}") = "ejercicio_2_6_1", "ejercicio_2_6_1\ejercicio_2_6_1.csproj", "{279E3C9C-9978-4B89-8065-9557D2F29D64}"
EndProject
Global
	GlobalSection(SolutionConfigurationPlatforms) = preSolution
		Debug|Any CPU = Debug|Any CPU
		Release|Any CPU = Release|Any CPU
	EndGlobalSection
	GlobalSection(ProjectConfigurationPlatforms) = postSolution
		{279E3C9C-9978-4B89-8065-9557D2F29D64}.Debug|Any CPU.ActiveCfg = Debug|Any CPU
		{279E3C9C-9978-4B89-8065-9557D2F29D64}.Debug|Any CPU.Build.0 = Debug|Any CPU
		{279E3C9C-9978-4B89-8065-9557D2F29D64}.Release|Any CPU.ActiveCfg = Release|Any CPU
		{279E3C9C-9978-4B89-8065-9557D2F29D64}.Release|Any CPU.Build.0 = Release|Any CPU
	EndGlobalSection
	GlobalSection(SolutionProperties) = preSolution
		HideSolutionNode = FALSE
	EndGlobalSection
	GlobalSection(ExtensibilityGlobals) = postSolution
		SolutionGuid = {B5931131-7617-4266-B2E7-D259BA091BCE}
	EndGlobalSection
EndGlobal
